<?xml version="1.0" encoding="UTF-8" standalone="yes" ?>
<CodeBlocks_project_file>
	<FileVersion major="1" minor="6" />
	<Project>
		<Option title="qc-server" />
		<Option makefile="server/" />
		<Option makefile_is_custom="1" />
		<Option pch_mode="2" />
		<Option compiler="qaukec" />
		<Build>
			<Target title="Debug">
				<Option output="bin\Debug\qc-server" prefix_auto="1" extension_auto="1" />
				<Option object_output="obj\Debug\" />
				<Option type="1" />
				<Option compiler="qaukec" />
				<Compiler>
					<Add option="-g" />
				</Compiler>
				<MakeCommands>
					<Build command="$make -DVEHICLES_ENABLED -DRELEASE -src $makefile" />
					<CompileFile command="" />
					<Clean command="" />
					<DistClean command="" />
				</MakeCommands>
			</Target>
			<Target title="Release">
				<Option output="bin\Release\qc-server" prefix_auto="1" extension_auto="1" />
				<Option object_output="obj\Release\" />
				<Option type="1" />
				<Option compiler="qaukec" />
				<Compiler>
					<Add option="-O2" />
				</Compiler>
				<Linker>
					<Add option="-s" />
				</Linker>
				<MakeCommands>
					<Build command="$make -DVEHICLES_ENABLED -DRELEASE -src $makefile" />
					<CompileFile command="" />
					<Clean command="" />
					<DistClean command="" />
				</MakeCommands>
			</Target>
		</Build>
		<Compiler>
			<Add option="-Wall" />
		</Compiler>
		<Unit filename="anticheat.qc" />
		<Unit filename="anticheat.qh" />
		<Unit filename="antilag.qc" />
		<Unit filename="antilag.qh" />
		<Unit filename="arena.qc" />
		<Unit filename="assault.qc" />
		<Unit filename="bot\aim.qc" />
		<Unit filename="bot\aim.qh" />
		<Unit filename="bot\bot.qc" />
		<Unit filename="bot\bot.qh" />
		<Unit filename="bot\havocbot\havocbot.qc" />
		<Unit filename="bot\havocbot\havocbot.qh" />
		<Unit filename="bot\havocbot\role_ctf.qc" />
		<Unit filename="bot\havocbot\role_keyhunt.qc" />
		<Unit filename="bot\havocbot\role_onslaught.qc" />
		<Unit filename="bot\havocbot\roles.qc" />
		<Unit filename="bot\navigation.qc" />
		<Unit filename="bot\navigation.qh" />
		<Unit filename="bot\scripting.qc" />
		<Unit filename="bot\waypoints.qc" />
		<Unit filename="bot\waypoints.qh" />
		<Unit filename="builtins.qh" />
		<Unit filename="campaign.qc" />
		<Unit filename="campaign.qh" />
		<Unit filename="cheats.qc" />
		<Unit filename="cheats.qh" />
		<Unit filename="cl_client.qc" />
		<Unit filename="cl_impulse.qc" />
		<Unit filename="cl_physics.qc" />
		<Unit filename="cl_player.qc" />
		<Unit filename="cl_weapons.qc" />
		<Unit filename="cl_weaponsystem.qc" />
		<Unit filename="clientcommands.qc" />
		<Unit filename="constants.qh" />
		<Unit filename="csqceffects.qc" />
		<Unit filename="csqcprojectile.qc" />
		<Unit filename="csqcprojectile.qh" />
		<Unit filename="ctf.qc" />
		<Unit filename="defs.qh" />
		<Unit filename="domination.qc" />
		<Unit filename="ent_cs.qc" />
		<Unit filename="extensions.qh" />
		<Unit filename="func_breakable.qc" />
		<Unit filename="g_casings.qc" />
		<Unit filename="g_damage.qc" />
		<Unit filename="g_hook.qc" />
		<Unit filename="g_hook.qh" />
		<Unit filename="g_lights.qc" />
		<Unit filename="g_models.qc" />
		<Unit filename="g_subs.qc" />
		<Unit filename="g_swamp.qc" />
		<Unit filename="g_tetris.qc" />
		<Unit filename="g_triggers.qc" />
		<Unit filename="g_violence.qc" />
		<Unit filename="g_world.qc" />
		<Unit filename="gamecommand.qc" />
		<Unit filename="ipban.qc" />
		<Unit filename="ipban.qh" />
		<Unit filename="miscfunctions.qc" />
		<Unit filename="mode_onslaught.qc" />
		<Unit filename="monsters\ai.qc" />
		<Unit filename="monsters\defs.qc" />
		<Unit filename="monsters\fight.qc" />
		<Unit filename="monsters\m_monsters.qc" />
		<Unit filename="monsters\mode_management.qc" />
		<Unit filename="monsters\monster_zombie.qc" />
		<Unit filename="movelib.qc" />
		<Unit filename="mutators\base.qc" />
		<Unit filename="mutators\base.qh" />
		<Unit filename="mutators\gamemode_keyhunt.qc" />
		<Unit filename="mutators\gamemode_keyhunt.qh" />
		<Unit filename="mutators\mutator_dodging.qc" />
		<Unit filename="mutators\mutator_dodging.qh" />
		<Unit filename="mutators\mutator_nix.qc" />
		<Unit filename="mutators\mutators.qh" />
		<Unit filename="nexball.qc" />
		<Unit filename="pathlib.qc" />
		<Unit filename="pathlib\costs.qc" />
		<Unit filename="pathlib\debug.qc" />
		<Unit filename="pathlib\expandnode.qc" />
		<Unit filename="pathlib\main.qc" />
		<Unit filename="pathlib\movenode.qc" />
		<Unit filename="pathlib\pathlib.qh" />
		<Unit filename="pathlib\utility.qc" />
		<Unit filename="playerdemo.qc" />
		<Unit filename="playerdemo.qh" />
		<Unit filename="portals.qc" />
		<Unit filename="portals.qh" />
		<Unit filename="post-builtins.qh" />
		<Unit filename="pre-builtins.qh" />
		<Unit filename="progs.src" />
		<Unit filename="race.qc" />
		<Unit filename="race.qh" />
		<Unit filename="runematch.qc" />
		<Unit filename="scores.qc" />
		<Unit filename="scores.qh" />
		<Unit filename="scores_rules.qc" />
		<Unit filename="steerlib.qc" />
		<Unit filename="sv_main.qc" />
		<Unit filename="sv_stats.qc" />
		<Unit filename="sys.qh" />
		<Unit filename="t_halflife.qc" />
		<Unit filename="t_items.qc" />
		<Unit filename="t_jumppads.qc" />
		<Unit filename="t_plats.qc" />
		<Unit filename="t_quake.qc" />
		<Unit filename="t_quake3.qc" />
		<Unit filename="t_swamp.qc" />
		<Unit filename="t_teleporters.qc" />
		<Unit filename="target_spawn.qc" />
		<Unit filename="teamplay.qc" />
		<Unit filename="tturrets\include\turrets.qh" />
		<Unit filename="tturrets\include\turrets_early.qh" />
		<Unit filename="tturrets\system\system_aimprocs.qc" />
		<Unit filename="tturrets\system\system_damage.qc" />
		<Unit filename="tturrets\system\system_main.qc" />
		<Unit filename="tturrets\system\system_misc.qc" />
		<Unit filename="tturrets\system\system_scoreprocs.qc" />
		<Unit filename="tturrets\units\unit_checkpoint.qc" />
		<Unit filename="tturrets\units\unit_common.qc" />
		<Unit filename="tturrets\units\unit_ewheel.qc" />
		<Unit filename="tturrets\units\unit_flac.qc" />
		<Unit filename="tturrets\units\unit_fusionreactor.qc" />
		<Unit filename="tturrets\units\unit_hellion.qc" />
		<Unit filename="tturrets\units\unit_hk.qc" />
		<Unit filename="tturrets\units\unit_machinegun.qc" />
		<Unit filename="tturrets\units\unit_mlrs.qc" />
		<Unit filename="tturrets\units\unit_phaser.qc" />
		<Unit filename="tturrets\units\unit_plasma.qc" />
		<Unit filename="tturrets\units\unit_targettrigger.qc" />
		<Unit filename="tturrets\units\unit_tessla.qc" />
		<Unit filename="tturrets\units\unit_walker.qc" />
		<Unit filename="vehicles\racer.qc" />
		<Unit filename="vehicles\raptor.qc" />
		<Unit filename="vehicles\spiderbot.qc" />
		<Unit filename="vehicles\vehicles.qc" />
		<Unit filename="vehicles\vehicles.qh" />
		<Unit filename="verbstack.qc" />
		<Unit filename="vote.qc" />
		<Unit filename="vote.qh" />
		<Unit filename="w_all.qc" />
		<Unit filename="w_campingrifle.qc" />
		<Unit filename="w_common.qc" />
		<Unit filename="w_crylink.qc" />
		<Unit filename="w_electro.qc" />
		<Unit filename="w_fireball.qc" />
		<Unit filename="w_grenadelauncher.qc" />
		<Unit filename="w_minelayer.qc" />
		<Unit filename="w_hagar.qc" />
		<Unit filename="w_hlac.qc" />
		<Unit filename="w_hook.qc" />
		<Unit filename="w_laser.qc" />
		<Unit filename="w_minstanex.qc" />
		<Unit filename="w_nex.qc" />
		<Unit filename="w_porto.qc" />
		<Unit filename="w_rocketlauncher.qc" />
		<Unit filename="w_shotgun.qc" />
		<Unit filename="w_tuba.qc" />
		<Unit filename="w_uzi.qc" />
		<Unit filename="waypointsprites.qc" />
		<Extensions>
			<code_completion />
			<debugger />
		</Extensions>
	</Project>
</CodeBlocks_project_file>
